
Microsoft Visual Studio Solution File, Format Version 12.00
# Visual Studio Version 17
VisualStudioVersion = 17.1.32407.343
MinimumVisualStudioVersion = 10.0.40219.1
Project("{9A19103F-16F7-4668-BE54-9A1E7A4F7556}") = "TapeCalc", "TapeCalc\TapeCalc.csproj", "{984FAFC2-0D2F-4B77-BA26-8E35BBE9420F}"
EndProject
Global
	GlobalSection(SolutionConfigurationPlatforms) = preSolution
		Debug|Any CPU = Debug|Any CPU
		Release|Any CPU = Release|Any CPU
	EndGlobalSection
	GlobalSection(ProjectConfigurationPlatforms) = postSolution
		{984FAFC2-0D2F-4B77-BA26-8E35BBE9420F}.Debug|Any CPU.ActiveCfg = Debug|Any CPU
		{984FAFC2-0D2F-4B77-BA26-8E35BBE9420F}.Debug|Any CPU.Build.0 = Debug|Any CPU
		{984FAFC2-0D2F-4B77-BA26-8E35BBE9420F}.Release|Any CPU.ActiveCfg = Release|Any CPU
		{984FAFC2-0D2F-4B77-BA26-8E35BBE9420F}.Release|Any CPU.Build.0 = Release|Any CPU
	EndGlobalSection
	GlobalSection(SolutionProperties) = preSolution
		HideSolutionNode = FALSE
	EndGlobalSection
	GlobalSection(ExtensibilityGlobals) = postSolution
		SolutionGuid = {C3CDC6FD-5A32-461E-B5FE-DAE016FC4488}
	EndGlobalSection
EndGlobal
